
Microsoft Visual Studio Solution File, Format Version 12.00
# Visual Studio Version 17
VisualStudioVersion = 17.5.002.0
MinimumVisualStudioVersion = 10.0.40219.1
Project("{9A19103F-16F7-4668-BE54-9A1E7A4F7556}") = "DesafioProjetoHospedagem", "DesafioProjetoHospedagem.csproj", "{EA8821BC-27ED-424C-ACEE-5CA4DD4D91FD}"
EndProject
Global
	GlobalSection(SolutionConfigurationPlatforms) = preSolution
		Debug|Any CPU = Debug|Any CPU
		Release|Any CPU = Release|Any CPU
	EndGlobalSection
	GlobalSection(ProjectConfigurationPlatforms) = postSolution
		{EA8821BC-27ED-424C-ACEE-5CA4DD4D91FD}.Debug|Any CPU.ActiveCfg = Debug|Any CPU
		{EA8821BC-27ED-424C-ACEE-5CA4DD4D91FD}.Debug|Any CPU.Build.0 = Debug|Any CPU
		{EA8821BC-27ED-424C-ACEE-5CA4DD4D91FD}.Release|Any CPU.ActiveCfg = Release|Any CPU
		{EA8821BC-27ED-424C-ACEE-5CA4DD4D91FD}.Release|Any CPU.Build.0 = Release|Any CPU
	EndGlobalSection
	GlobalSection(SolutionProperties) = preSolution
		HideSolutionNode = FALSE
	EndGlobalSection
	GlobalSection(ExtensibilityGlobals) = postSolution
		SolutionGuid = {E91E0272-DB00-4CD4-8871-FD8AB5F42167}
	EndGlobalSection
EndGlobal
